<Solution>
  <Folder Name="/Solution Items/">
    <File Path="../.editorconfig" />
    <File Path="../.gitignore" />
    <File Path="../.gitlab-ci.yml" />
    <File Path="../README.md" />
    <File Path="../plan.md" />
  </Folder>
  <Project Path="Aftermath/Aftermath.csproj" />
  <Project Path="Aftermath.Tests/Aftermath.Tests.csproj" />
</Solution>
